// !$*UTF8*$!
{
	archiveVersion = 1;
	classes = {
	};
	objectVersion = 56;
	objects = {

/* Begin PBXBuildFile section */
		6131C0722A388EC20013AFE6 /* SceneDelegate.swift in Sources */ = {isa = PBXBuildFile; fileRef = 6131C0712A388EC20013AFE6 /* SceneDelegate.swift */; };
		613A7F1A2A399AFA000C94D9 /* UIColor.swift in Sources */ = {isa = PBXBuildFile; fileRef = 613A7F192A399AFA000C94D9 /* UIColor.swift */; };
		613A7F1D2A39BE90000C94D9 /* StockDetailsViewController.swift in Sources */ = {isa = PBXBuildFile; fileRef = 613A7F1C2A39BE90000C94D9 /* StockDetailsViewController.swift */; };
		6140547E2A2F285B00A97185 /* Stock.swift in Sources */ = {isa = PBXBuildFile; fileRef = 6140547D2A2F285B00A97185 /* Stock.swift */; };
		614054812A2F5BC300A97185 /* Alamofire in Frameworks */ = {isa = PBXBuildFile; productRef = 614054802A2F5BC300A97185 /* Alamofire */; };
		614054842A2F5DC500A97185 /* AlamofireImage in Frameworks */ = {isa = PBXBuildFile; productRef = 614054832A2F5DC500A97185 /* AlamofireImage */; };
		61B966CB2A2DB2C5000D7FDD /* AppDelegate.swift in Sources */ = {isa = PBXBuildFile; fileRef = 61B966CA2A2DB2C5000D7FDD /* AppDelegate.swift */; };
		61B966D42A2DB2C6000D7FDD /* Assets.xcassets in Resources */ = {isa = PBXBuildFile; fileRef = 61B966D32A2DB2C6000D7FDD /* Assets.xcassets */; };
		61B966E32A2DB60F000D7FDD /* StocksViewController.swift in Sources */ = {isa = PBXBuildFile; fileRef = 61B966E22A2DB60F000D7FDD /* StocksViewController.swift */; };
		61B966E72A2DC00E000D7FDD /* StockViewCell.swift in Sources */ = {isa = PBXBuildFile; fileRef = 61B966E62A2DC00E000D7FDD /* StockViewCell.swift */; };
		61B966EA2A2DDA2A000D7FDD /* Stocks.json in Resources */ = {isa = PBXBuildFile; fileRef = 61B966E92A2DDA2A000D7FDD /* Stocks.json */; };
		61B966EF2A2DDB29000D7FDD /* StockDataModel.xcdatamodeld in Sources */ = {isa = PBXBuildFile; fileRef = 61B966ED2A2DDB28000D7FDD /* StockDataModel.xcdatamodeld */; };
		61B966F22A2DDD3A000D7FDD /* StockDataModel.swift in Sources */ = {isa = PBXBuildFile; fileRef = 61B966F02A2DDD3A000D7FDD /* StockDataModel.swift */; };
		61C309BA2A408FD700A734F4 /* UILabel.swift in Sources */ = {isa = PBXBuildFile; fileRef = 61C309B92A408FD700A734F4 /* UILabel.swift */; };
		61C309BC2A4090A900A734F4 /* UIFont.swift in Sources */ = {isa = PBXBuildFile; fileRef = 61C309BB2A4090A900A734F4 /* UIFont.swift */; };
		61D961412A402CDC000A0A11 /* StockDetails.swift in Sources */ = {isa = PBXBuildFile; fileRef = 61D961402A402CDC000A0A11 /* StockDetails.swift */; };
/* End PBXBuildFile section */

/* Begin PBXFileReference section */
		61081C0C2A3AD545005D01CE /* Config.xcconfig */ = {isa = PBXFileReference; lastKnownFileType = text.xcconfig; path = Config.xcconfig; sourceTree = "<group>"; };
		6131C0712A388EC20013AFE6 /* SceneDelegate.swift */ = {isa = PBXFileReference; fileEncoding = 4; lastKnownFileType = sourcecode.swift; name = SceneDelegate.swift; path = Features/SceneDelegate.swift; sourceTree = "<group>"; };
		613A7F192A399AFA000C94D9 /* UIColor.swift */ = {isa = PBXFileReference; lastKnownFileType = sourcecode.swift; path = UIColor.swift; sourceTree = "<group>"; };
		613A7F1C2A39BE90000C94D9 /* StockDetailsViewController.swift */ = {isa = PBXFileReference; lastKnownFileType = sourcecode.swift; path = StockDetailsViewController.swift; sourceTree = "<group>"; };
		6140547D2A2F285B00A97185 /* Stock.swift */ = {isa = PBXFileReference; lastKnownFileType = sourcecode.swift; path = Stock.swift; sourceTree = "<group>"; };
		61B966C72A2DB2C5000D7FDD /* Stock Price.app */ = {isa = PBXFileReference; explicitFileType = wrapper.application; includeInIndex = 0; path = "Stock Price.app"; sourceTree = BUILT_PRODUCTS_DIR; };
		61B966CA2A2DB2C5000D7FDD /* AppDelegate.swift */ = {isa = PBXFileReference; lastKnownFileType = sourcecode.swift; path = AppDelegate.swift; sourceTree = "<group>"; };
		61B966D32A2DB2C6000D7FDD /* Assets.xcassets */ = {isa = PBXFileReference; lastKnownFileType = folder.assetcatalog; path = Assets.xcassets; sourceTree = "<group>"; };
		61B966D82A2DB2C6000D7FDD /* Info.plist */ = {isa = PBXFileReference; lastKnownFileType = text.plist.xml; path = Info.plist; sourceTree = "<group>"; };
		61B966E22A2DB60F000D7FDD /* StocksViewController.swift */ = {isa = PBXFileReference; lastKnownFileType = sourcecode.swift; path = StocksViewController.swift; sourceTree = "<group>"; };
		61B966E62A2DC00E000D7FDD /* StockViewCell.swift */ = {isa = PBXFileReference; lastKnownFileType = sourcecode.swift; path = StockViewCell.swift; sourceTree = "<group>"; };
		61B966E92A2DDA2A000D7FDD /* Stocks.json */ = {isa = PBXFileReference; lastKnownFileType = text.json; path = Stocks.json; sourceTree = "<group>"; };
		61B966EE2A2DDB29000D7FDD /* StockDataModel.xcdatamodel */ = {isa = PBXFileReference; lastKnownFileType = wrapper.xcdatamodel; path = StockDataModel.xcdatamodel; sourceTree = "<group>"; };
		61B966F02A2DDD3A000D7FDD /* StockDataModel.swift */ = {isa = PBXFileReference; lastKnownFileType = sourcecode.swift; path = StockDataModel.swift; sourceTree = "<group>"; };
		61C309B92A408FD700A734F4 /* UILabel.swift */ = {isa = PBXFileReference; lastKnownFileType = sourcecode.swift; path = UILabel.swift; sourceTree = "<group>"; };
		61C309BB2A4090A900A734F4 /* UIFont.swift */ = {isa = PBXFileReference; lastKnownFileType = sourcecode.swift; path = UIFont.swift; sourceTree = "<group>"; };
		61D961402A402CDC000A0A11 /* StockDetails.swift */ = {isa = PBXFileReference; lastKnownFileType = sourcecode.swift; path = StockDetails.swift; sourceTree = "<group>"; };
/* End PBXFileReference section */

/* Begin PBXFrameworksBuildPhase section */
		61B966C42A2DB2C5000D7FDD /* Frameworks */ = {
			isa = PBXFrameworksBuildPhase;
			buildActionMask = 2147483647;
			files = (
				614054812A2F5BC300A97185 /* Alamofire in Frameworks */,
				614054842A2F5DC500A97185 /* AlamofireImage in Frameworks */,
			);
			runOnlyForDeploymentPostprocessing = 0;
		};
/* End PBXFrameworksBuildPhase section */

/* Begin PBXGroup section */
		613A7F182A399AD5000C94D9 /* Utils */ = {
			isa = PBXGroup;
			children = (
				613A7F192A399AFA000C94D9 /* UIColor.swift */,
				61C309B92A408FD700A734F4 /* UILabel.swift */,
				61C309BB2A4090A900A734F4 /* UIFont.swift */,
			);
			path = Utils;
			sourceTree = "<group>";
		};
		613A7F1B2A39BE27000C94D9 /* StockDetails */ = {
			isa = PBXGroup;
			children = (
				613A7F1C2A39BE90000C94D9 /* StockDetailsViewController.swift */,
			);
			path = StockDetails;
			sourceTree = "<group>";
		};
		6140547C2A2F284C00A97185 /* Domain */ = {
			isa = PBXGroup;
			children = (
				6140547D2A2F285B00A97185 /* Stock.swift */,
				61D961402A402CDC000A0A11 /* StockDetails.swift */,
			);
			path = Domain;
			sourceTree = "<group>";
		};
		61B966BE2A2DB2C5000D7FDD = {
			isa = PBXGroup;
			children = (
				61B966C92A2DB2C5000D7FDD /* Stock Price */,
				61B966C82A2DB2C5000D7FDD /* Products */,
			);
			sourceTree = "<group>";
		};
		61B966C82A2DB2C5000D7FDD /* Products */ = {
			isa = PBXGroup;
			children = (
				61B966C72A2DB2C5000D7FDD /* Stock Price.app */,
			);
			name = Products;
			sourceTree = "<group>";
		};
		61B966C92A2DB2C5000D7FDD /* Stock Price */ = {
			isa = PBXGroup;
			children = (
				6140547C2A2F284C00A97185 /* Domain */,
				61B966F42A2DDD57000D7FDD /* CoreData */,
				61B966E82A2DDA01000D7FDD /* Resources */,
				613A7F182A399AD5000C94D9 /* Utils */,
				61B966DF2A2DB2F9000D7FDD /* Features */,
				61B966CA2A2DB2C5000D7FDD /* AppDelegate.swift */,
				6131C0712A388EC20013AFE6 /* SceneDelegate.swift */,
				61B966D32A2DB2C6000D7FDD /* Assets.xcassets */,
				61B966D82A2DB2C6000D7FDD /* Info.plist */,
				61081C0C2A3AD545005D01CE /* Config.xcconfig */,
			);
			path = "Stock Price";
			sourceTree = "<group>";
		};
		61B966DF2A2DB2F9000D7FDD /* Features */ = {
			isa = PBXGroup;
			children = (
				613A7F1B2A39BE27000C94D9 /* StockDetails */,
				61B966E02A2DB31B000D7FDD /* StocksList */,
			);
			path = Features;
			sourceTree = "<group>";
		};
		61B966E02A2DB31B000D7FDD /* StocksList */ = {
			isa = PBXGroup;
			children = (
				61B966E22A2DB60F000D7FDD /* StocksViewController.swift */,
				61B966E62A2DC00E000D7FDD /* StockViewCell.swift */,
			);
			path = StocksList;
			sourceTree = "<group>";
		};
		61B966E82A2DDA01000D7FDD /* Resources */ = {
			isa = PBXGroup;
			children = (
				61B966E92A2DDA2A000D7FDD /* Stocks.json */,
			);
			path = Resources;
			sourceTree = "<group>";
		};
		61B966F42A2DDD57000D7FDD /* CoreData */ = {
			isa = PBXGroup;
			children = (
				61B966ED2A2DDB28000D7FDD /* StockDataModel.xcdatamodeld */,
				61B966F02A2DDD3A000D7FDD /* StockDataModel.swift */,
			);
			path = CoreData;
			sourceTree = "<group>";
		};
/* End PBXGroup section */

/* Begin PBXNativeTarget section */
		61B966C62A2DB2C5000D7FDD /* Stock Price */ = {
			isa = PBXNativeTarget;
			buildConfigurationList = 61B966DB2A2DB2C6000D7FDD /* Build configuration list for PBXNativeTarget "Stock Price" */;
			buildPhases = (
				61B966C32A2DB2C5000D7FDD /* Sources */,
				61B966C42A2DB2C5000D7FDD /* Frameworks */,
				61B966C52A2DB2C5000D7FDD /* Resources */,
			);
			buildRules = (
			);
			dependencies = (
			);
			name = "Stock Price";
			packageProductDependencies = (
				614054802A2F5BC300A97185 /* Alamofire */,
				614054832A2F5DC500A97185 /* AlamofireImage */,
			);
			productName = "Stock Price";
			productReference = 61B966C72A2DB2C5000D7FDD /* Stock Price.app */;
			productType = "com.apple.product-type.application";
		};
/* End PBXNativeTarget section */

/* Begin PBXProject section */
		61B966BF2A2DB2C5000D7FDD /* Project object */ = {
			isa = PBXProject;
			attributes = {
				BuildIndependentTargetsInParallel = 1;
				LastSwiftUpdateCheck = 1430;
				LastUpgradeCheck = 1430;
				TargetAttributes = {
					61B966C62A2DB2C5000D7FDD = {
						CreatedOnToolsVersion = 14.3;
					};
				};
			};
			buildConfigurationList = 61B966C22A2DB2C5000D7FDD /* Build configuration list for PBXProject "Stock Price" */;
			compatibilityVersion = "Xcode 14.0";
			developmentRegion = en;
			hasScannedForEncodings = 0;
			knownRegions = (
				en,
				Base,
			);
			mainGroup = 61B966BE2A2DB2C5000D7FDD;
			packageReferences = (
				6140547F2A2F5BC300A97185 /* XCRemoteSwiftPackageReference "Alamofire" */,
				614054822A2F5DC500A97185 /* XCRemoteSwiftPackageReference "AlamofireImage" */,
			);
			productRefGroup = 61B966C82A2DB2C5000D7FDD /* Products */;
			projectDirPath = "";
			projectRoot = "";
			targets = (
				61B966C62A2DB2C5000D7FDD /* Stock Price */,
			);
		};
/* End PBXProject section */

/* Begin PBXResourcesBuildPhase section */
		61B966C52A2DB2C5000D7FDD /* Resources */ = {
			isa = PBXResourcesBuildPhase;
			buildActionMask = 2147483647;
			files = (
				61B966D42A2DB2C6000D7FDD /* Assets.xcassets in Resources */,
				61B966EA2A2DDA2A000D7FDD /* Stocks.json in Resources */,
			);
			runOnlyForDeploymentPostprocessing = 0;
		};
/* End PBXResourcesBuildPhase section */

/* Begin PBXSourcesBuildPhase section */
		61B966C32A2DB2C5000D7FDD /* Sources */ = {
			isa = PBXSourcesBuildPhase;
			buildActionMask = 2147483647;
			files = (
				61B966CB2A2DB2C5000D7FDD /* AppDelegate.swift in Sources */,
				6131C0722A388EC20013AFE6 /* SceneDelegate.swift in Sources */,
				61B966E72A2DC00E000D7FDD /* StockViewCell.swift in Sources */,
				61C309BA2A408FD700A734F4 /* UILabel.swift in Sources */,
				61B966E32A2DB60F000D7FDD /* StocksViewController.swift in Sources */,
				6140547E2A2F285B00A97185 /* Stock.swift in Sources */,
				613A7F1A2A399AFA000C94D9 /* UIColor.swift in Sources */,
				613A7F1D2A39BE90000C94D9 /* StockDetailsViewController.swift in Sources */,
				61C309BC2A4090A900A734F4 /* UIFont.swift in Sources */,
				61D961412A402CDC000A0A11 /* StockDetails.swift in Sources */,
				61B966F22A2DDD3A000D7FDD /* StockDataModel.swift in Sources */,
				61B966EF2A2DDB29000D7FDD /* StockDataModel.xcdatamodeld in Sources */,
			);
			runOnlyForDeploymentPostprocessing = 0;
		};
/* End PBXSourcesBuildPhase section */

/* Begin XCBuildConfiguration section */
		61B966D92A2DB2C6000D7FDD /* Debug */ = {
			isa = XCBuildConfiguration;
			baseConfigurationReference = 61081C0C2A3AD545005D01CE /* Config.xcconfig */;
			buildSettings = {
				ALWAYS_SEARCH_USER_PATHS = NO;
				CLANG_ANALYZER_NONNULL = YES;
				CLANG_ANALYZER_NUMBER_OBJECT_CONVERSION = YES_AGGRESSIVE;
				CLANG_CXX_LANGUAGE_STANDARD = "gnu++20";
				CLANG_ENABLE_MODULES = YES;
				CLANG_ENABLE_OBJC_ARC = YES;
				CLANG_ENABLE_OBJC_WEAK = YES;
				CLANG_WARN_BLOCK_CAPTURE_AUTORELEASING = YES;
				CLANG_WARN_BOOL_CONVERSION = YES;
				CLANG_WARN_COMMA = YES;
				CLANG_WARN_CONSTANT_CONVERSION = YES;
				CLANG_WARN_DEPRECATED_OBJC_IMPLEMENTATIONS = YES;
				CLANG_WARN_DIRECT_OBJC_ISA_USAGE = YES_ERROR;
				CLANG_WARN_DOCUMENTATION_COMMENTS = YES;
				CLANG_WARN_EMPTY_BODY = YES;
				CLANG_WARN_ENUM_CONVERSION = YES;
				CLANG_WARN_INFINITE_RECURSION = YES;
				CLANG_WARN_INT_CONVERSION = YES;
				CLANG_WARN_NON_LITERAL_NULL_CONVERSION = YES;
				CLANG_WARN_OBJC_IMPLICIT_RETAIN_SELF = YES;
				CLANG_WARN_OBJC_LITERAL_CONVERSION = YES;
				CLANG_WARN_OBJC_ROOT_CLASS = YES_ERROR;
				CLANG_WARN_QUOTED_INCLUDE_IN_FRAMEWORK_HEADER = YES;
				CLANG_WARN_RANGE_LOOP_ANALYSIS = YES;
				CLANG_WARN_STRICT_PROTOTYPES = YES;
				CLANG_WARN_SUSPICIOUS_MOVE = YES;
				CLANG_WARN_UNGUARDED_AVAILABILITY = YES_AGGRESSIVE;
				CLANG_WARN_UNREACHABLE_CODE = YES;
				CLANG_WARN__DUPLICATE_METHOD_MATCH = YES;
				COPY_PHASE_STRIP = NO;
				DEBUG_INFORMATION_FORMAT = dwarf;
				ENABLE_STRICT_OBJC_MSGSEND = YES;
				ENABLE_TESTABILITY = YES;
				GCC_C_LANGUAGE_STANDARD = gnu11;
				GCC_DYNAMIC_NO_PIC = NO;
				GCC_NO_COMMON_BLOCKS = YES;
				GCC_OPTIMIZATION_LEVEL = 0;
				GCC_PREPROCESSOR_DEFINITIONS = (
					"DEBUG=1",
					"$(inherited)",
				);
				GCC_WARN_64_TO_32_BIT_CONVERSION = YES;
				GCC_WARN_ABOUT_RETURN_TYPE = YES_ERROR;
				GCC_WARN_UNDECLARED_SELECTOR = YES;
				GCC_WARN_UNINITIALIZED_AUTOS = YES_AGGRESSIVE;
				GCC_WARN_UNUSED_FUNCTION = YES;
				GCC_WARN_UNUSED_VARIABLE = YES;
				IPHONEOS_DEPLOYMENT_TARGET = 16.4;
				MTL_ENABLE_DEBUG_INFO = INCLUDE_SOURCE;
				MTL_FAST_MATH = YES;
				ONLY_ACTIVE_ARCH = YES;
				SDKROOT = iphoneos;
				SWIFT_ACTIVE_COMPILATION_CONDITIONS = DEBUG;
				SWIFT_OPTIMIZATION_LEVEL = "-Onone";
			};
			name = Debug;
		};
		61B966DA2A2DB2C6000D7FDD /* Release */ = {
			isa = XCBuildConfiguration;
			baseConfigurationReference = 61081C0C2A3AD545005D01CE /* Config.xcconfig */;
			buildSettings = {
				ALWAYS_SEARCH_USER_PATHS = NO;
				CLANG_ANALYZER_NONNULL = YES;
				CLANG_ANALYZER_NUMBER_OBJECT_CONVERSION = YES_AGGRESSIVE;
				CLANG_CXX_LANGUAGE_STANDARD = "gnu++20";
				CLANG_ENABLE_MODULES = YES;
				CLANG_ENABLE_OBJC_ARC = YES;
				CLANG_ENABLE_OBJC_WEAK = YES;
				CLANG_WARN_BLOCK_CAPTURE_AUTORELEASING = YES;
				CLANG_WARN_BOOL_CONVERSION = YES;
				CLANG_WARN_COMMA = YES;
				CLANG_WARN_CONSTANT_CONVERSION = YES;
				CLANG_WARN_DEPRECATED_OBJC_IMPLEMENTATIONS = YES;
				CLANG_WARN_DIRECT_OBJC_ISA_USAGE = YES_ERROR;
				CLANG_WARN_DOCUMENTATION_COMMENTS = YES;
				CLANG_WARN_EMPTY_BODY = YES;
				CLANG_WARN_ENUM_CONVERSION = YES;
				CLANG_WARN_INFINITE_RECURSION = YES;
				CLANG_WARN_INT_CONVERSION = YES;
				CLANG_WARN_NON_LITERAL_NULL_CONVERSION = YES;
				CLANG_WARN_OBJC_IMPLICIT_RETAIN_SELF = YES;
				CLANG_WARN_OBJC_LITERAL_CONVERSION = YES;
				CLANG_WARN_OBJC_ROOT_CLASS = YES_ERROR;
				CLANG_WARN_QUOTED_INCLUDE_IN_FRAMEWORK_HEADER = YES;
				CLANG_WARN_RANGE_LOOP_ANALYSIS = YES;
				CLANG_WARN_STRICT_PROTOTYPES = YES;
				CLANG_WARN_SUSPICIOUS_MOVE = YES;
				CLANG_WARN_UNGUARDED_AVAILABILITY = YES_AGGRESSIVE;
				CLANG_WARN_UNREACHABLE_CODE = YES;
				CLANG_WARN__DUPLICATE_METHOD_MATCH = YES;
				COPY_PHASE_STRIP = NO;
				DEBUG_INFORMATION_FORMAT = "dwarf-with-dsym";
				ENABLE_NS_ASSERTIONS = NO;
				ENABLE_STRICT_OBJC_MSGSEND = YES;
				GCC_C_LANGUAGE_STANDARD = gnu11;
				GCC_NO_COMMON_BLOCKS = YES;
				GCC_WARN_64_TO_32_BIT_CONVERSION = YES;
				GCC_WARN_ABOUT_RETURN_TYPE = YES_ERROR;
				GCC_WARN_UNDECLARED_SELECTOR = YES;
				GCC_WARN_UNINITIALIZED_AUTOS = YES_AGGRESSIVE;
				GCC_WARN_UNUSED_FUNCTION = YES;
				GCC_WARN_UNUSED_VARIABLE = YES;
				IPHONEOS_DEPLOYMENT_TARGET = 16.4;
				MTL_ENABLE_DEBUG_INFO = NO;
				MTL_FAST_MATH = YES;
				SDKROOT = iphoneos;
				SWIFT_COMPILATION_MODE = wholemodule;
				SWIFT_OPTIMIZATION_LEVEL = "-O";
				VALIDATE_PRODUCT = YES;
			};
			name = Release;
		};
		61B966DC2A2DB2C6000D7FDD /* Debug */ = {
			isa = XCBuildConfiguration;
			baseConfigurationReference = 61081C0C2A3AD545005D01CE /* Config.xcconfig */;
			buildSettings = {
				ASSETCATALOG_COMPILER_APPICON_NAME = AppIcon;
				ASSETCATALOG_COMPILER_GLOBAL_ACCENT_COLOR_NAME = AccentColor;
				CODE_SIGN_STYLE = Automatic;
				CURRENT_PROJECT_VERSION = 1;
				DEVELOPMENT_TEAM = 87923FXF66;
				GENERATE_INFOPLIST_FILE = YES;
				INFOPLIST_FILE = "Stock Price/Info.plist";
				INFOPLIST_KEY_UIApplicationSupportsIndirectInputEvents = YES;
				INFOPLIST_KEY_UISupportedInterfaceOrientations_iPad = "UIInterfaceOrientationPortrait UIInterfaceOrientationPortraitUpsideDown UIInterfaceOrientationLandscapeLeft UIInterfaceOrientationLandscapeRight";
				INFOPLIST_KEY_UISupportedInterfaceOrientations_iPhone = "UIInterfaceOrientationPortrait UIInterfaceOrientationLandscapeLeft UIInterfaceOrientationLandscapeRight";
				LD_RUNPATH_SEARCH_PATHS = (
					"$(inherited)",
					"@executable_path/Frameworks",
				);
				MARKETING_VERSION = 1.0;
				PRODUCT_BUNDLE_IDENTIFIER = "com.ferelin.Stock-Price";
				PRODUCT_NAME = "$(TARGET_NAME)";
				SUPPORTED_PLATFORMS = "iphoneos iphonesimulator";
				SUPPORTS_MACCATALYST = NO;
				SUPPORTS_MAC_DESIGNED_FOR_IPHONE_IPAD = NO;
				SWIFT_EMIT_LOC_STRINGS = YES;
				SWIFT_VERSION = 5.0;
				TARGETED_DEVICE_FAMILY = "1,2";
			};
			name = Debug;
		};
		61B966DD2A2DB2C6000D7FDD /* Release */ = {
			isa = XCBuildConfiguration;
			baseConfigurationReference = 61081C0C2A3AD545005D01CE /* Config.xcconfig */;
			buildSettings = {
				ASSETCATALOG_COMPILER_APPICON_NAME = AppIcon;
				ASSETCATALOG_COMPILER_GLOBAL_ACCENT_COLOR_NAME = AccentColor;
				CODE_SIGN_STYLE = Automatic;
				CURRENT_PROJECT_VERSION = 1;
				DEVELOPMENT_TEAM = 87923FXF66;
				GENERATE_INFOPLIST_FILE = YES;
				INFOPLIST_FILE = "Stock Price/Info.plist";
				INFOPLIST_KEY_UIApplicationSupportsIndirectInputEvents = YES;
				INFOPLIST_KEY_UISupportedInterfaceOrientations_iPad = "UIInterfaceOrientationPortrait UIInterfaceOrientationPortraitUpsideDown UIInterfaceOrientationLandscapeLeft UIInterfaceOrientationLandscapeRight";
				INFOPLIST_KEY_UISupportedInterfaceOrientations_iPhone = "UIInterfaceOrientationPortrait UIInterfaceOrientationLandscapeLeft UIInterfaceOrientationLandscapeRight";
				LD_RUNPATH_SEARCH_PATHS = (
					"$(inherited)",
					"@executable_path/Frameworks",
				);
				MARKETING_VERSION = 1.0;
				PRODUCT_BUNDLE_IDENTIFIER = "com.ferelin.Stock-Price";
				PRODUCT_NAME = "$(TARGET_NAME)";
				SUPPORTED_PLATFORMS = "iphoneos iphonesimulator";
				SUPPORTS_MACCATALYST = NO;
				SUPPORTS_MAC_DESIGNED_FOR_IPHONE_IPAD = NO;
				SWIFT_EMIT_LOC_STRINGS = YES;
				SWIFT_VERSION = 5.0;
				TARGETED_DEVICE_FAMILY = "1,2";
			};
			name = Release;
		};
/* End XCBuildConfiguration section */

/* Begin XCConfigurationList section */
		61B966C22A2DB2C5000D7FDD /* Build configuration list for PBXProject "Stock Price" */ = {
			isa = XCConfigurationList;
			buildConfigurations = (
				61B966D92A2DB2C6000D7FDD /* Debug */,
				61B966DA2A2DB2C6000D7FDD /* Release */,
			);
			defaultConfigurationIsVisible = 0;
			defaultConfigurationName = Release;
		};
		61B966DB2A2DB2C6000D7FDD /* Build configuration list for PBXNativeTarget "Stock Price" */ = {
			isa = XCConfigurationList;
			buildConfigurations = (
				61B966DC2A2DB2C6000D7FDD /* Debug */,
				61B966DD2A2DB2C6000D7FDD /* Release */,
			);
			defaultConfigurationIsVisible = 0;
			defaultConfigurationName = Release;
		};
/* End XCConfigurationList section */

/* Begin XCRemoteSwiftPackageReference section */
		6140547F2A2F5BC300A97185 /* XCRemoteSwiftPackageReference "Alamofire" */ = {
			isa = XCRemoteSwiftPackageReference;
			repositoryURL = "https://github.com/Alamofire/Alamofire.git";
			requirement = {
				kind = upToNextMajorVersion;
				minimumVersion = 5.0.0;
			};
		};
		614054822A2F5DC500A97185 /* XCRemoteSwiftPackageReference "AlamofireImage" */ = {
			isa = XCRemoteSwiftPackageReference;
			repositoryURL = "https://github.com/Alamofire/AlamofireImage.git";
			requirement = {
				kind = upToNextMajorVersion;
				minimumVersion = 4.0.0;
			};
		};
/* End XCRemoteSwiftPackageReference section */

/* Begin XCSwiftPackageProductDependency section */
		614054802A2F5BC300A97185 /* Alamofire */ = {
			isa = XCSwiftPackageProductDependency;
			package = 6140547F2A2F5BC300A97185 /* XCRemoteSwiftPackageReference "Alamofire" */;
			productName = Alamofire;
		};
		614054832A2F5DC500A97185 /* AlamofireImage */ = {
			isa = XCSwiftPackageProductDependency;
			package = 614054822A2F5DC500A97185 /* XCRemoteSwiftPackageReference "AlamofireImage" */;
			productName = AlamofireImage;
		};
/* End XCSwiftPackageProductDependency section */

/* Begin XCVersionGroup section */
		61B966ED2A2DDB28000D7FDD /* StockDataModel.xcdatamodeld */ = {
			isa = XCVersionGroup;
			children = (
				61B966EE2A2DDB29000D7FDD /* StockDataModel.xcdatamodel */,
			);
			currentVersion = 61B966EE2A2DDB29000D7FDD /* StockDataModel.xcdatamodel */;
			path = StockDataModel.xcdatamodeld;
			sourceTree = "<group>";
			versionGroupType = wrapper.xcdatamodel;
		};
/* End XCVersionGroup section */
	};
	rootObject = 61B966BF2A2DB2C5000D7FDD /* Project object */;
}
